
Microsoft Visual Studio Solution File, Format Version 12.00
# Visual Studio Version 17
VisualStudioVersion = 17.0.31612.314
MinimumVisualStudioVersion = 10.0.40219.1
Project("{FAE04EC0-301F-11D3-BF4B-00C04F79EFBC}") = "lab_apim", "lab_apim\lab_apim.csproj", "{91E15E30-72C9-47B0-AAD6-C5404871CEAB}"
EndProject
Global
	GlobalSection(SolutionConfigurationPlatforms) = preSolution
		Debug|Any CPU = Debug|Any CPU
		Release|Any CPU = Release|Any CPU
	EndGlobalSection
	GlobalSection(ProjectConfigurationPlatforms) = postSolution
		{91E15E30-72C9-47B0-AAD6-C5404871CEAB}.Debug|Any CPU.ActiveCfg = Debug|Any CPU
		{91E15E30-72C9-47B0-AAD6-C5404871CEAB}.Debug|Any CPU.Build.0 = Debug|Any CPU
		{91E15E30-72C9-47B0-AAD6-C5404871CEAB}.Release|Any CPU.ActiveCfg = Release|Any CPU
		{91E15E30-72C9-47B0-AAD6-C5404871CEAB}.Release|Any CPU.Build.0 = Release|Any CPU
	EndGlobalSection
	GlobalSection(SolutionProperties) = preSolution
		HideSolutionNode = FALSE
	EndGlobalSection
	GlobalSection(ExtensibilityGlobals) = postSolution
		SolutionGuid = {4EE66A70-C350-4D00-A740-74F8A2113344}
	EndGlobalSection
EndGlobal
